{
    "symfony/browser-kit": {
        "version": "v5.0.0"
    },
    "symfony/css-selector": {
        "version": "v5.0.0"
    },
    "symfony/dom-crawler": {
        "version": "v5.0.0"
    },
    "symfony/phpunit-bridge": {
        "version": "4.3",
        "recipe": {
            "repo": "github.com/symfony/recipes",
            "branch": "master",
            "version": "4.3",
            "ref": "b0582341f1df39aaf3a9a866cdbe49937da35984"
        },
        "files": [
            ".env.test",
            "bin/phpunit",
            "config/bootstrap.php",
            "phpunit.xml.dist",
            "tests/.gitignore"
        ]
    },
    "symfony/test-pack": {
        "version": "v1.0.6"
    }
}
